// !$*UTF8*$!
{
	archiveVersion = 1;
	classes = {
	};
	objectVersion = 56;
	objects = {

/* Begin PBXBuildFile section */
		DF390FE52BB5AD7A00477526 /* infoVkApp.swift in Sources */ = {isa = PBXBuildFile; fileRef = DF390FE42BB5AD7A00477526 /* infoVkApp.swift */; };
		DF390FE72BB5AD7A00477526 /* ContentView.swift in Sources */ = {isa = PBXBuildFile; fileRef = DF390FE62BB5AD7A00477526 /* ContentView.swift */; };
		DF390FE92BB5AD7B00477526 /* Assets.xcassets in Resources */ = {isa = PBXBuildFile; fileRef = DF390FE82BB5AD7B00477526 /* Assets.xcassets */; };
		DF390FEC2BB5AD7B00477526 /* Preview Assets.xcassets in Resources */ = {isa = PBXBuildFile; fileRef = DF390FEB2BB5AD7B00477526 /* Preview Assets.xcassets */; };
		DF390FF62BB5AD7B00477526 /* infoVkTests.swift in Sources */ = {isa = PBXBuildFile; fileRef = DF390FF52BB5AD7B00477526 /* infoVkTests.swift */; };
		DF3910002BB5AD7B00477526 /* infoVkUITests.swift in Sources */ = {isa = PBXBuildFile; fileRef = DF390FFF2BB5AD7B00477526 /* infoVkUITests.swift */; };
		DF3910022BB5AD7B00477526 /* infoVkUITestsLaunchTests.swift in Sources */ = {isa = PBXBuildFile; fileRef = DF3910012BB5AD7B00477526 /* infoVkUITestsLaunchTests.swift */; };
		DF3910102BB5B10F00477526 /* ServiceModel.swift in Sources */ = {isa = PBXBuildFile; fileRef = DF39100F2BB5B10F00477526 /* ServiceModel.swift */; };
		DF3910122BB5B1C000477526 /* ServiceManager.swift in Sources */ = {isa = PBXBuildFile; fileRef = DF3910112BB5B1C000477526 /* ServiceManager.swift */; };
		DF3910142BB5B47900477526 /* LoadingView.swift in Sources */ = {isa = PBXBuildFile; fileRef = DF3910132BB5B47900477526 /* LoadingView.swift */; };
		DF3910162BB5B4E100477526 /* ServicesView.swift in Sources */ = {isa = PBXBuildFile; fileRef = DF3910152BB5B4E100477526 /* ServicesView.swift */; };
/* End PBXBuildFile section */

/* Begin PBXContainerItemProxy section */
		DF390FF22BB5AD7B00477526 /* PBXContainerItemProxy */ = {
			isa = PBXContainerItemProxy;
			containerPortal = DF390FD92BB5AD7A00477526 /* Project object */;
			proxyType = 1;
			remoteGlobalIDString = DF390FE02BB5AD7A00477526;
			remoteInfo = infoVk;
		};
		DF390FFC2BB5AD7B00477526 /* PBXContainerItemProxy */ = {
			isa = PBXContainerItemProxy;
			containerPortal = DF390FD92BB5AD7A00477526 /* Project object */;
			proxyType = 1;
			remoteGlobalIDString = DF390FE02BB5AD7A00477526;
			remoteInfo = infoVk;
		};
/* End PBXContainerItemProxy section */

/* Begin PBXFileReference section */
		DF390FE12BB5AD7A00477526 /* infoVk.app */ = {isa = PBXFileReference; explicitFileType = wrapper.application; includeInIndex = 0; path = infoVk.app; sourceTree = BUILT_PRODUCTS_DIR; };
		DF390FE42BB5AD7A00477526 /* infoVkApp.swift */ = {isa = PBXFileReference; lastKnownFileType = sourcecode.swift; path = infoVkApp.swift; sourceTree = "<group>"; };
		DF390FE62BB5AD7A00477526 /* ContentView.swift */ = {isa = PBXFileReference; lastKnownFileType = sourcecode.swift; path = ContentView.swift; sourceTree = "<group>"; };
		DF390FE82BB5AD7B00477526 /* Assets.xcassets */ = {isa = PBXFileReference; lastKnownFileType = folder.assetcatalog; path = Assets.xcassets; sourceTree = "<group>"; };
		DF390FEB2BB5AD7B00477526 /* Preview Assets.xcassets */ = {isa = PBXFileReference; lastKnownFileType = folder.assetcatalog; path = "Preview Assets.xcassets"; sourceTree = "<group>"; };
		DF390FF12BB5AD7B00477526 /* infoVkTests.xctest */ = {isa = PBXFileReference; explicitFileType = wrapper.cfbundle; includeInIndex = 0; path = infoVkTests.xctest; sourceTree = BUILT_PRODUCTS_DIR; };
		DF390FF52BB5AD7B00477526 /* infoVkTests.swift */ = {isa = PBXFileReference; lastKnownFileType = sourcecode.swift; path = infoVkTests.swift; sourceTree = "<group>"; };
		DF390FFB2BB5AD7B00477526 /* infoVkUITests.xctest */ = {isa = PBXFileReference; explicitFileType = wrapper.cfbundle; includeInIndex = 0; path = infoVkUITests.xctest; sourceTree = BUILT_PRODUCTS_DIR; };
		DF390FFF2BB5AD7B00477526 /* infoVkUITests.swift */ = {isa = PBXFileReference; lastKnownFileType = sourcecode.swift; path = infoVkUITests.swift; sourceTree = "<group>"; };
		DF3910012BB5AD7B00477526 /* infoVkUITestsLaunchTests.swift */ = {isa = PBXFileReference; lastKnownFileType = sourcecode.swift; path = infoVkUITestsLaunchTests.swift; sourceTree = "<group>"; };
		DF39100F2BB5B10F00477526 /* ServiceModel.swift */ = {isa = PBXFileReference; lastKnownFileType = sourcecode.swift; path = ServiceModel.swift; sourceTree = "<group>"; };
		DF3910112BB5B1C000477526 /* ServiceManager.swift */ = {isa = PBXFileReference; lastKnownFileType = sourcecode.swift; path = ServiceManager.swift; sourceTree = "<group>"; };
		DF3910132BB5B47900477526 /* LoadingView.swift */ = {isa = PBXFileReference; lastKnownFileType = sourcecode.swift; path = LoadingView.swift; sourceTree = "<group>"; };
		DF3910152BB5B4E100477526 /* ServicesView.swift */ = {isa = PBXFileReference; lastKnownFileType = sourcecode.swift; path = ServicesView.swift; sourceTree = "<group>"; };
/* End PBXFileReference section */

/* Begin PBXFrameworksBuildPhase section */
		DF390FDE2BB5AD7A00477526 /* Frameworks */ = {
			isa = PBXFrameworksBuildPhase;
			buildActionMask = 2147483647;
			files = (
			);
			runOnlyForDeploymentPostprocessing = 0;
		};
		DF390FEE2BB5AD7B00477526 /* Frameworks */ = {
			isa = PBXFrameworksBuildPhase;
			buildActionMask = 2147483647;
			files = (
			);
			runOnlyForDeploymentPostprocessing = 0;
		};
		DF390FF82BB5AD7B00477526 /* Frameworks */ = {
			isa = PBXFrameworksBuildPhase;
			buildActionMask = 2147483647;
			files = (
			);
			runOnlyForDeploymentPostprocessing = 0;
		};
/* End PBXFrameworksBuildPhase section */

/* Begin PBXGroup section */
		DF390FD82BB5AD7A00477526 = {
			isa = PBXGroup;
			children = (
				DF390FE32BB5AD7A00477526 /* infoVk */,
				DF390FF42BB5AD7B00477526 /* infoVkTests */,
				DF390FFE2BB5AD7B00477526 /* infoVkUITests */,
				DF390FE22BB5AD7A00477526 /* Products */,
			);
			sourceTree = "<group>";
		};
		DF390FE22BB5AD7A00477526 /* Products */ = {
			isa = PBXGroup;
			children = (
				DF390FE12BB5AD7A00477526 /* infoVk.app */,
				DF390FF12BB5AD7B00477526 /* infoVkTests.xctest */,
				DF390FFB2BB5AD7B00477526 /* infoVkUITests.xctest */,
			);
			name = Products;
			sourceTree = "<group>";
		};
		DF390FE32BB5AD7A00477526 /* infoVk */ = {
			isa = PBXGroup;
			children = (
				DF3910172BB5B62300477526 /* Views */,
				DF39100E2BB5B0EB00477526 /* Model */,
				DF390FE42BB5AD7A00477526 /* infoVkApp.swift */,
				DF390FE82BB5AD7B00477526 /* Assets.xcassets */,
				DF390FEA2BB5AD7B00477526 /* Preview Content */,
			);
			path = infoVk;
			sourceTree = "<group>";
		};
		DF390FEA2BB5AD7B00477526 /* Preview Content */ = {
			isa = PBXGroup;
			children = (
				DF390FEB2BB5AD7B00477526 /* Preview Assets.xcassets */,
			);
			path = "Preview Content";
			sourceTree = "<group>";
		};
		DF390FF42BB5AD7B00477526 /* infoVkTests */ = {
			isa = PBXGroup;
			children = (
				DF390FF52BB5AD7B00477526 /* infoVkTests.swift */,
			);
			path = infoVkTests;
			sourceTree = "<group>";
		};
		DF390FFE2BB5AD7B00477526 /* infoVkUITests */ = {
			isa = PBXGroup;
			children = (
				DF390FFF2BB5AD7B00477526 /* infoVkUITests.swift */,
				DF3910012BB5AD7B00477526 /* infoVkUITestsLaunchTests.swift */,
			);
			path = infoVkUITests;
			sourceTree = "<group>";
		};
		DF39100E2BB5B0EB00477526 /* Model */ = {
			isa = PBXGroup;
			children = (
				DF39100F2BB5B10F00477526 /* ServiceModel.swift */,
				DF3910112BB5B1C000477526 /* ServiceManager.swift */,
			);
			path = Model;
			sourceTree = "<group>";
		};
		DF3910172BB5B62300477526 /* Views */ = {
			isa = PBXGroup;
			children = (
				DF390FE62BB5AD7A00477526 /* ContentView.swift */,
				DF3910132BB5B47900477526 /* LoadingView.swift */,
				DF3910152BB5B4E100477526 /* ServicesView.swift */,
			);
			path = Views;
			sourceTree = "<group>";
		};
/* End PBXGroup section */

/* Begin PBXNativeTarget section */
		DF390FE02BB5AD7A00477526 /* infoVk */ = {
			isa = PBXNativeTarget;
			buildConfigurationList = DF3910052BB5AD7B00477526 /* Build configuration list for PBXNativeTarget "infoVk" */;
			buildPhases = (
				DF390FDD2BB5AD7A00477526 /* Sources */,
				DF390FDE2BB5AD7A00477526 /* Frameworks */,
				DF390FDF2BB5AD7A00477526 /* Resources */,
			);
			buildRules = (
			);
			dependencies = (
			);
			name = infoVk;
			productName = infoVk;
			productReference = DF390FE12BB5AD7A00477526 /* infoVk.app */;
			productType = "com.apple.product-type.application";
		};
		DF390FF02BB5AD7B00477526 /* infoVkTests */ = {
			isa = PBXNativeTarget;
			buildConfigurationList = DF3910082BB5AD7B00477526 /* Build configuration list for PBXNativeTarget "infoVkTests" */;
			buildPhases = (
				DF390FED2BB5AD7B00477526 /* Sources */,
				DF390FEE2BB5AD7B00477526 /* Frameworks */,
				DF390FEF2BB5AD7B00477526 /* Resources */,
			);
			buildRules = (
			);
			dependencies = (
				DF390FF32BB5AD7B00477526 /* PBXTargetDependency */,
			);
			name = infoVkTests;
			productName = infoVkTests;
			productReference = DF390FF12BB5AD7B00477526 /* infoVkTests.xctest */;
			productType = "com.apple.product-type.bundle.unit-test";
		};
		DF390FFA2BB5AD7B00477526 /* infoVkUITests */ = {
			isa = PBXNativeTarget;
			buildConfigurationList = DF39100B2BB5AD7B00477526 /* Build configuration list for PBXNativeTarget "infoVkUITests" */;
			buildPhases = (
				DF390FF72BB5AD7B00477526 /* Sources */,
				DF390FF82BB5AD7B00477526 /* Frameworks */,
				DF390FF92BB5AD7B00477526 /* Resources */,
			);
			buildRules = (
			);
			dependencies = (
				DF390FFD2BB5AD7B00477526 /* PBXTargetDependency */,
			);
			name = infoVkUITests;
			productName = infoVkUITests;
			productReference = DF390FFB2BB5AD7B00477526 /* infoVkUITests.xctest */;
			productType = "com.apple.product-type.bundle.ui-testing";
		};
/* End PBXNativeTarget section */

/* Begin PBXProject section */
		DF390FD92BB5AD7A00477526 /* Project object */ = {
			isa = PBXProject;
			attributes = {
				BuildIndependentTargetsInParallel = 1;
				LastSwiftUpdateCheck = 1530;
				LastUpgradeCheck = 1530;
				TargetAttributes = {
					DF390FE02BB5AD7A00477526 = {
						CreatedOnToolsVersion = 15.3;
					};
					DF390FF02BB5AD7B00477526 = {
						CreatedOnToolsVersion = 15.3;
						TestTargetID = DF390FE02BB5AD7A00477526;
					};
					DF390FFA2BB5AD7B00477526 = {
						CreatedOnToolsVersion = 15.3;
						TestTargetID = DF390FE02BB5AD7A00477526;
					};
				};
			};
			buildConfigurationList = DF390FDC2BB5AD7A00477526 /* Build configuration list for PBXProject "infoVk" */;
			compatibilityVersion = "Xcode 14.0";
			developmentRegion = en;
			hasScannedForEncodings = 0;
			knownRegions = (
				en,
				Base,
			);
			mainGroup = DF390FD82BB5AD7A00477526;
			productRefGroup = DF390FE22BB5AD7A00477526 /* Products */;
			projectDirPath = "";
			projectRoot = "";
			targets = (
				DF390FE02BB5AD7A00477526 /* infoVk */,
				DF390FF02BB5AD7B00477526 /* infoVkTests */,
				DF390FFA2BB5AD7B00477526 /* infoVkUITests */,
			);
		};
/* End PBXProject section */

/* Begin PBXResourcesBuildPhase section */
		DF390FDF2BB5AD7A00477526 /* Resources */ = {
			isa = PBXResourcesBuildPhase;
			buildActionMask = 2147483647;
			files = (
				DF390FEC2BB5AD7B00477526 /* Preview Assets.xcassets in Resources */,
				DF390FE92BB5AD7B00477526 /* Assets.xcassets in Resources */,
			);
			runOnlyForDeploymentPostprocessing = 0;
		};
		DF390FEF2BB5AD7B00477526 /* Resources */ = {
			isa = PBXResourcesBuildPhase;
			buildActionMask = 2147483647;
			files = (
			);
			runOnlyForDeploymentPostprocessing = 0;
		};
		DF390FF92BB5AD7B00477526 /* Resources */ = {
			isa = PBXResourcesBuildPhase;
			buildActionMask = 2147483647;
			files = (
			);
			runOnlyForDeploymentPostprocessing = 0;
		};
/* End PBXResourcesBuildPhase section */

/* Begin PBXSourcesBuildPhase section */
		DF390FDD2BB5AD7A00477526 /* Sources */ = {
			isa = PBXSourcesBuildPhase;
			buildActionMask = 2147483647;
			files = (
				DF390FE72BB5AD7A00477526 /* ContentView.swift in Sources */,
				DF3910102BB5B10F00477526 /* ServiceModel.swift in Sources */,
				DF3910162BB5B4E100477526 /* ServicesView.swift in Sources */,
				DF390FE52BB5AD7A00477526 /* infoVkApp.swift in Sources */,
				DF3910142BB5B47900477526 /* LoadingView.swift in Sources */,
				DF3910122BB5B1C000477526 /* ServiceManager.swift in Sources */,
			);
			runOnlyForDeploymentPostprocessing = 0;
		};
		DF390FED2BB5AD7B00477526 /* Sources */ = {
			isa = PBXSourcesBuildPhase;
			buildActionMask = 2147483647;
			files = (
				DF390FF62BB5AD7B00477526 /* infoVkTests.swift in Sources */,
			);
			runOnlyForDeploymentPostprocessing = 0;
		};
		DF390FF72BB5AD7B00477526 /* Sources */ = {
			isa = PBXSourcesBuildPhase;
			buildActionMask = 2147483647;
			files = (
				DF3910002BB5AD7B00477526 /* infoVkUITests.swift in Sources */,
				DF3910022BB5AD7B00477526 /* infoVkUITestsLaunchTests.swift in Sources */,
			);
			runOnlyForDeploymentPostprocessing = 0;
		};
/* End PBXSourcesBuildPhase section */

/* Begin PBXTargetDependency section */
		DF390FF32BB5AD7B00477526 /* PBXTargetDependency */ = {
			isa = PBXTargetDependency;
			target = DF390FE02BB5AD7A00477526 /* infoVk */;
			targetProxy = DF390FF22BB5AD7B00477526 /* PBXContainerItemProxy */;
		};
		DF390FFD2BB5AD7B00477526 /* PBXTargetDependency */ = {
			isa = PBXTargetDependency;
			target = DF390FE02BB5AD7A00477526 /* infoVk */;
			targetProxy = DF390FFC2BB5AD7B00477526 /* PBXContainerItemProxy */;
		};
/* End PBXTargetDependency section */

/* Begin XCBuildConfiguration section */
		DF3910032BB5AD7B00477526 /* Debug */ = {
			isa = XCBuildConfiguration;
			buildSettings = {
				ALWAYS_SEARCH_USER_PATHS = NO;
				ASSETCATALOG_COMPILER_GENERATE_SWIFT_ASSET_SYMBOL_EXTENSIONS = YES;
				CLANG_ANALYZER_NONNULL = YES;
				CLANG_ANALYZER_NUMBER_OBJECT_CONVERSION = YES_AGGRESSIVE;
				CLANG_CXX_LANGUAGE_STANDARD = "gnu++20";
				CLANG_ENABLE_MODULES = YES;
				CLANG_ENABLE_OBJC_ARC = YES;
				CLANG_ENABLE_OBJC_WEAK = YES;
				CLANG_WARN_BLOCK_CAPTURE_AUTORELEASING = YES;
				CLANG_WARN_BOOL_CONVERSION = YES;
				CLANG_WARN_COMMA = YES;
				CLANG_WARN_CONSTANT_CONVERSION = YES;
				CLANG_WARN_DEPRECATED_OBJC_IMPLEMENTATIONS = YES;
				CLANG_WARN_DIRECT_OBJC_ISA_USAGE = YES_ERROR;
				CLANG_WARN_DOCUMENTATION_COMMENTS = YES;
				CLANG_WARN_EMPTY_BODY = YES;
				CLANG_WARN_ENUM_CONVERSION = YES;
				CLANG_WARN_INFINITE_RECURSION = YES;
				CLANG_WARN_INT_CONVERSION = YES;
				CLANG_WARN_NON_LITERAL_NULL_CONVERSION = YES;
				CLANG_WARN_OBJC_IMPLICIT_RETAIN_SELF = YES;
				CLANG_WARN_OBJC_LITERAL_CONVERSION = YES;
				CLANG_WARN_OBJC_ROOT_CLASS = YES_ERROR;
				CLANG_WARN_QUOTED_INCLUDE_IN_FRAMEWORK_HEADER = YES;
				CLANG_WARN_RANGE_LOOP_ANALYSIS = YES;
				CLANG_WARN_STRICT_PROTOTYPES = YES;
				CLANG_WARN_SUSPICIOUS_MOVE = YES;
				CLANG_WARN_UNGUARDED_AVAILABILITY = YES_AGGRESSIVE;
				CLANG_WARN_UNREACHABLE_CODE = YES;
				CLANG_WARN__DUPLICATE_METHOD_MATCH = YES;
				COPY_PHASE_STRIP = NO;
				DEBUG_INFORMATION_FORMAT = dwarf;
				ENABLE_STRICT_OBJC_MSGSEND = YES;
				ENABLE_TESTABILITY = YES;
				ENABLE_USER_SCRIPT_SANDBOXING = YES;
				GCC_C_LANGUAGE_STANDARD = gnu17;
				GCC_DYNAMIC_NO_PIC = NO;
				GCC_NO_COMMON_BLOCKS = YES;
				GCC_OPTIMIZATION_LEVEL = 0;
				GCC_PREPROCESSOR_DEFINITIONS = (
					"DEBUG=1",
					"$(inherited)",
				);
				GCC_WARN_64_TO_32_BIT_CONVERSION = YES;
				GCC_WARN_ABOUT_RETURN_TYPE = YES_ERROR;
				GCC_WARN_UNDECLARED_SELECTOR = YES;
				GCC_WARN_UNINITIALIZED_AUTOS = YES_AGGRESSIVE;
				GCC_WARN_UNUSED_FUNCTION = YES;
				GCC_WARN_UNUSED_VARIABLE = YES;
				IPHONEOS_DEPLOYMENT_TARGET = 17.4;
				LOCALIZATION_PREFERS_STRING_CATALOGS = YES;
				MTL_ENABLE_DEBUG_INFO = INCLUDE_SOURCE;
				MTL_FAST_MATH = YES;
				ONLY_ACTIVE_ARCH = YES;
				SDKROOT = iphoneos;
				SWIFT_ACTIVE_COMPILATION_CONDITIONS = "DEBUG $(inherited)";
				SWIFT_OPTIMIZATION_LEVEL = "-Onone";
			};
			name = Debug;
		};
		DF3910042BB5AD7B00477526 /* Release */ = {
			isa = XCBuildConfiguration;
			buildSettings = {
				ALWAYS_SEARCH_USER_PATHS = NO;
				ASSETCATALOG_COMPILER_GENERATE_SWIFT_ASSET_SYMBOL_EXTENSIONS = YES;
				CLANG_ANALYZER_NONNULL = YES;
				CLANG_ANALYZER_NUMBER_OBJECT_CONVERSION = YES_AGGRESSIVE;
				CLANG_CXX_LANGUAGE_STANDARD = "gnu++20";
				CLANG_ENABLE_MODULES = YES;
				CLANG_ENABLE_OBJC_ARC = YES;
				CLANG_ENABLE_OBJC_WEAK = YES;
				CLANG_WARN_BLOCK_CAPTURE_AUTORELEASING = YES;
				CLANG_WARN_BOOL_CONVERSION = YES;
				CLANG_WARN_COMMA = YES;
				CLANG_WARN_CONSTANT_CONVERSION = YES;
				CLANG_WARN_DEPRECATED_OBJC_IMPLEMENTATIONS = YES;
				CLANG_WARN_DIRECT_OBJC_ISA_USAGE = YES_ERROR;
				CLANG_WARN_DOCUMENTATION_COMMENTS = YES;
				CLANG_WARN_EMPTY_BODY = YES;
				CLANG_WARN_ENUM_CONVERSION = YES;
				CLANG_WARN_INFINITE_RECURSION = YES;
				CLANG_WARN_INT_CONVERSION = YES;
				CLANG_WARN_NON_LITERAL_NULL_CONVERSION = YES;
				CLANG_WARN_OBJC_IMPLICIT_RETAIN_SELF = YES;
				CLANG_WARN_OBJC_LITERAL_CONVERSION = YES;
				CLANG_WARN_OBJC_ROOT_CLASS = YES_ERROR;
				CLANG_WARN_QUOTED_INCLUDE_IN_FRAMEWORK_HEADER = YES;
				CLANG_WARN_RANGE_LOOP_ANALYSIS = YES;
				CLANG_WARN_STRICT_PROTOTYPES = YES;
				CLANG_WARN_SUSPICIOUS_MOVE = YES;
				CLANG_WARN_UNGUARDED_AVAILABILITY = YES_AGGRESSIVE;
				CLANG_WARN_UNREACHABLE_CODE = YES;
				CLANG_WARN__DUPLICATE_METHOD_MATCH = YES;
				COPY_PHASE_STRIP = NO;
				DEBUG_INFORMATION_FORMAT = "dwarf-with-dsym";
				ENABLE_NS_ASSERTIONS = NO;
				ENABLE_STRICT_OBJC_MSGSEND = YES;
				ENABLE_USER_SCRIPT_SANDBOXING = YES;
				GCC_C_LANGUAGE_STANDARD = gnu17;
				GCC_NO_COMMON_BLOCKS = YES;
				GCC_WARN_64_TO_32_BIT_CONVERSION = YES;
				GCC_WARN_ABOUT_RETURN_TYPE = YES_ERROR;
				GCC_WARN_UNDECLARED_SELECTOR = YES;
				GCC_WARN_UNINITIALIZED_AUTOS = YES_AGGRESSIVE;
				GCC_WARN_UNUSED_FUNCTION = YES;
				GCC_WARN_UNUSED_VARIABLE = YES;
				IPHONEOS_DEPLOYMENT_TARGET = 17.4;
				LOCALIZATION_PREFERS_STRING_CATALOGS = YES;
				MTL_ENABLE_DEBUG_INFO = NO;
				MTL_FAST_MATH = YES;
				SDKROOT = iphoneos;
				SWIFT_COMPILATION_MODE = wholemodule;
				VALIDATE_PRODUCT = YES;
			};
			name = Release;
		};
		DF3910062BB5AD7B00477526 /* Debug */ = {
			isa = XCBuildConfiguration;
			buildSettings = {
				ASSETCATALOG_COMPILER_APPICON_NAME = AppIcon;
				ASSETCATALOG_COMPILER_GLOBAL_ACCENT_COLOR_NAME = AccentColor;
				CODE_SIGN_STYLE = Automatic;
				CURRENT_PROJECT_VERSION = 1;
				DEVELOPMENT_ASSET_PATHS = "\"infoVk/Preview Content\"";
				DEVELOPMENT_TEAM = GAMAR9B42Z;
				ENABLE_PREVIEWS = YES;
				GENERATE_INFOPLIST_FILE = YES;
				INFOPLIST_KEY_UIApplicationSceneManifest_Generation = YES;
				INFOPLIST_KEY_UIApplicationSupportsIndirectInputEvents = YES;
				INFOPLIST_KEY_UILaunchScreen_Generation = YES;
				INFOPLIST_KEY_UISupportedInterfaceOrientations_iPad = "UIInterfaceOrientationPortrait UIInterfaceOrientationPortraitUpsideDown UIInterfaceOrientationLandscapeLeft UIInterfaceOrientationLandscapeRight";
				INFOPLIST_KEY_UISupportedInterfaceOrientations_iPhone = "UIInterfaceOrientationPortrait UIInterfaceOrientationLandscapeLeft UIInterfaceOrientationLandscapeRight";
				LD_RUNPATH_SEARCH_PATHS = (
					"$(inherited)",
					"@executable_path/Frameworks",
				);
				MARKETING_VERSION = 1.0;
				PRODUCT_BUNDLE_IDENTIFIER = "-.infoVk";
				PRODUCT_NAME = "$(TARGET_NAME)";
				SWIFT_EMIT_LOC_STRINGS = YES;
				SWIFT_VERSION = 5.0;
				TARGETED_DEVICE_FAMILY = "1,2";
			};
			name = Debug;
		};
		DF3910072BB5AD7B00477526 /* Release */ = {
			isa = XCBuildConfiguration;
			buildSettings = {
				ASSETCATALOG_COMPILER_APPICON_NAME = AppIcon;
				ASSETCATALOG_COMPILER_GLOBAL_ACCENT_COLOR_NAME = AccentColor;
				CODE_SIGN_STYLE = Automatic;
				CURRENT_PROJECT_VERSION = 1;
				DEVELOPMENT_ASSET_PATHS = "\"infoVk/Preview Content\"";
				DEVELOPMENT_TEAM = GAMAR9B42Z;
				ENABLE_PREVIEWS = YES;
				GENERATE_INFOPLIST_FILE = YES;
				INFOPLIST_KEY_UIApplicationSceneManifest_Generation = YES;
				INFOPLIST_KEY_UIApplicationSupportsIndirectInputEvents = YES;
				INFOPLIST_KEY_UILaunchScreen_Generation = YES;
				INFOPLIST_KEY_UISupportedInterfaceOrientations_iPad = "UIInterfaceOrientationPortrait UIInterfaceOrientationPortraitUpsideDown UIInterfaceOrientationLandscapeLeft UIInterfaceOrientationLandscapeRight";
				INFOPLIST_KEY_UISupportedInterfaceOrientations_iPhone = "UIInterfaceOrientationPortrait UIInterfaceOrientationLandscapeLeft UIInterfaceOrientationLandscapeRight";
				LD_RUNPATH_SEARCH_PATHS = (
					"$(inherited)",
					"@executable_path/Frameworks",
				);
				MARKETING_VERSION = 1.0;
				PRODUCT_BUNDLE_IDENTIFIER = "-.infoVk";
				PRODUCT_NAME = "$(TARGET_NAME)";
				SWIFT_EMIT_LOC_STRINGS = YES;
				SWIFT_VERSION = 5.0;
				TARGETED_DEVICE_FAMILY = "1,2";
			};
			name = Release;
		};
		DF3910092BB5AD7B00477526 /* Debug */ = {
			isa = XCBuildConfiguration;
			buildSettings = {
				ALWAYS_EMBED_SWIFT_STANDARD_LIBRARIES = YES;
				BUNDLE_LOADER = "$(TEST_HOST)";
				CODE_SIGN_STYLE = Automatic;
				CURRENT_PROJECT_VERSION = 1;
				DEVELOPMENT_TEAM = GAMAR9B42Z;
				GENERATE_INFOPLIST_FILE = YES;
				IPHONEOS_DEPLOYMENT_TARGET = 17.4;
				MARKETING_VERSION = 1.0;
				PRODUCT_BUNDLE_IDENTIFIER = "-.infoVkTests";
				PRODUCT_NAME = "$(TARGET_NAME)";
				SWIFT_EMIT_LOC_STRINGS = NO;
				SWIFT_VERSION = 5.0;
				TARGETED_DEVICE_FAMILY = "1,2";
				TEST_HOST = "$(BUILT_PRODUCTS_DIR)/infoVk.app/$(BUNDLE_EXECUTABLE_FOLDER_PATH)/infoVk";
			};
			name = Debug;
		};
		DF39100A2BB5AD7B00477526 /* Release */ = {
			isa = XCBuildConfiguration;
			buildSettings = {
				ALWAYS_EMBED_SWIFT_STANDARD_LIBRARIES = YES;
				BUNDLE_LOADER = "$(TEST_HOST)";
				CODE_SIGN_STYLE = Automatic;
				CURRENT_PROJECT_VERSION = 1;
				DEVELOPMENT_TEAM = GAMAR9B42Z;
				GENERATE_INFOPLIST_FILE = YES;
				IPHONEOS_DEPLOYMENT_TARGET = 17.4;
				MARKETING_VERSION = 1.0;
				PRODUCT_BUNDLE_IDENTIFIER = "-.infoVkTests";
				PRODUCT_NAME = "$(TARGET_NAME)";
				SWIFT_EMIT_LOC_STRINGS = NO;
				SWIFT_VERSION = 5.0;
				TARGETED_DEVICE_FAMILY = "1,2";
				TEST_HOST = "$(BUILT_PRODUCTS_DIR)/infoVk.app/$(BUNDLE_EXECUTABLE_FOLDER_PATH)/infoVk";
			};
			name = Release;
		};
		DF39100C2BB5AD7B00477526 /* Debug */ = {
			isa = XCBuildConfiguration;
			buildSettings = {
				ALWAYS_EMBED_SWIFT_STANDARD_LIBRARIES = YES;
				CODE_SIGN_STYLE = Automatic;
				CURRENT_PROJECT_VERSION = 1;
				DEVELOPMENT_TEAM = GAMAR9B42Z;
				GENERATE_INFOPLIST_FILE = YES;
				MARKETING_VERSION = 1.0;
				PRODUCT_BUNDLE_IDENTIFIER = "-.infoVkUITests";
				PRODUCT_NAME = "$(TARGET_NAME)";
				SWIFT_EMIT_LOC_STRINGS = NO;
				SWIFT_VERSION = 5.0;
				TARGETED_DEVICE_FAMILY = "1,2";
				TEST_TARGET_NAME = infoVk;
			};
			name = Debug;
		};
		DF39100D2BB5AD7B00477526 /* Release */ = {
			isa = XCBuildConfiguration;
			buildSettings = {
				ALWAYS_EMBED_SWIFT_STANDARD_LIBRARIES = YES;
				CODE_SIGN_STYLE = Automatic;
				CURRENT_PROJECT_VERSION = 1;
				DEVELOPMENT_TEAM = GAMAR9B42Z;
				GENERATE_INFOPLIST_FILE = YES;
				MARKETING_VERSION = 1.0;
				PRODUCT_BUNDLE_IDENTIFIER = "-.infoVkUITests";
				PRODUCT_NAME = "$(TARGET_NAME)";
				SWIFT_EMIT_LOC_STRINGS = NO;
				SWIFT_VERSION = 5.0;
				TARGETED_DEVICE_FAMILY = "1,2";
				TEST_TARGET_NAME = infoVk;
			};
			name = Release;
		};
/* End XCBuildConfiguration section */

/* Begin XCConfigurationList section */
		DF390FDC2BB5AD7A00477526 /* Build configuration list for PBXProject "infoVk" */ = {
			isa = XCConfigurationList;
			buildConfigurations = (
				DF3910032BB5AD7B00477526 /* Debug */,
				DF3910042BB5AD7B00477526 /* Release */,
			);
			defaultConfigurationIsVisible = 0;
			defaultConfigurationName = Release;
		};
		DF3910052BB5AD7B00477526 /* Build configuration list for PBXNativeTarget "infoVk" */ = {
			isa = XCConfigurationList;
			buildConfigurations = (
				DF3910062BB5AD7B00477526 /* Debug */,
				DF3910072BB5AD7B00477526 /* Release */,
			);
			defaultConfigurationIsVisible = 0;
			defaultConfigurationName = Release;
		};
		DF3910082BB5AD7B00477526 /* Build configuration list for PBXNativeTarget "infoVkTests" */ = {
			isa = XCConfigurationList;
			buildConfigurations = (
				DF3910092BB5AD7B00477526 /* Debug */,
				DF39100A2BB5AD7B00477526 /* Release */,
			);
			defaultConfigurationIsVisible = 0;
			defaultConfigurationName = Release;
		};
		DF39100B2BB5AD7B00477526 /* Build configuration list for PBXNativeTarget "infoVkUITests" */ = {
			isa = XCConfigurationList;
			buildConfigurations = (
				DF39100C2BB5AD7B00477526 /* Debug */,
				DF39100D2BB5AD7B00477526 /* Release */,
			);
			defaultConfigurationIsVisible = 0;
			defaultConfigurationName = Release;
		};
/* End XCConfigurationList section */
	};
	rootObject = DF390FD92BB5AD7A00477526 /* Project object */;
}
